
Microsoft Visual Studio Solution File, Format Version 12.00
# Visual Studio 16
Project("{FAE04EC0-301F-11D3-BF4B-00C04F79EFBC}") = "Assembly-CSharp", "Assembly-CSharp.csproj", "{10AEC45D-00F4-4A4B-B5FD-67358C4433CF}"
EndProject
Project("{FAE04EC0-301F-11D3-BF4B-00C04F79EFBC}") = "Oculus.VR", "Oculus.VR.csproj", "{A344C857-5D47-0BD4-D4B9-66A3C0A6E639}"
EndProject
Project("{FAE04EC0-301F-11D3-BF4B-00C04F79EFBC}") = "Assembly-CSharp-Editor", "Assembly-CSharp-Editor.csproj", "{043B3A6A-C837-D598-2A7F-B9768CC9AFD6}"
EndProject
Project("{FAE04EC0-301F-11D3-BF4B-00C04F79EFBC}") = "Oculus.VR.Scripts.Editor", "Oculus.VR.Scripts.Editor.csproj", "{E97DFD55-16CB-4680-1DE3-A031BD073417}"
EndProject
Project("{FAE04EC0-301F-11D3-BF4B-00C04F79EFBC}") = "Oculus.VR.Editor", "Oculus.VR.Editor.csproj", "{F205A693-655C-2383-3AC5-3E0690C72964}"
EndProject
Global
	GlobalSection(SolutionConfigurationPlatforms) = preSolution
		Debug|Any CPU = Debug|Any CPU
		Release|Any CPU = Release|Any CPU
	EndGlobalSection
	GlobalSection(ProjectConfigurationPlatforms) = postSolution
		{10AEC45D-00F4-4A4B-B5FD-67358C4433CF}.Debug|Any CPU.ActiveCfg = Debug|Any CPU
		{10AEC45D-00F4-4A4B-B5FD-67358C4433CF}.Debug|Any CPU.Build.0 = Debug|Any CPU
		{10AEC45D-00F4-4A4B-B5FD-67358C4433CF}.Release|Any CPU.ActiveCfg = Release|Any CPU
		{10AEC45D-00F4-4A4B-B5FD-67358C4433CF}.Release|Any CPU.Build.0 = Release|Any CPU
		{A344C857-5D47-0BD4-D4B9-66A3C0A6E639}.Debug|Any CPU.ActiveCfg = Debug|Any CPU
		{A344C857-5D47-0BD4-D4B9-66A3C0A6E639}.Debug|Any CPU.Build.0 = Debug|Any CPU
		{A344C857-5D47-0BD4-D4B9-66A3C0A6E639}.Release|Any CPU.ActiveCfg = Release|Any CPU
		{A344C857-5D47-0BD4-D4B9-66A3C0A6E639}.Release|Any CPU.Build.0 = Release|Any CPU
		{043B3A6A-C837-D598-2A7F-B9768CC9AFD6}.Debug|Any CPU.ActiveCfg = Debug|Any CPU
		{043B3A6A-C837-D598-2A7F-B9768CC9AFD6}.Debug|Any CPU.Build.0 = Debug|Any CPU
		{043B3A6A-C837-D598-2A7F-B9768CC9AFD6}.Release|Any CPU.ActiveCfg = Release|Any CPU
		{043B3A6A-C837-D598-2A7F-B9768CC9AFD6}.Release|Any CPU.Build.0 = Release|Any CPU
		{E97DFD55-16CB-4680-1DE3-A031BD073417}.Debug|Any CPU.ActiveCfg = Debug|Any CPU
		{E97DFD55-16CB-4680-1DE3-A031BD073417}.Debug|Any CPU.Build.0 = Debug|Any CPU
		{E97DFD55-16CB-4680-1DE3-A031BD073417}.Release|Any CPU.ActiveCfg = Release|Any CPU
		{E97DFD55-16CB-4680-1DE3-A031BD073417}.Release|Any CPU.Build.0 = Release|Any CPU
		{F205A693-655C-2383-3AC5-3E0690C72964}.Debug|Any CPU.ActiveCfg = Debug|Any CPU
		{F205A693-655C-2383-3AC5-3E0690C72964}.Debug|Any CPU.Build.0 = Debug|Any CPU
		{F205A693-655C-2383-3AC5-3E0690C72964}.Release|Any CPU.ActiveCfg = Release|Any CPU
		{F205A693-655C-2383-3AC5-3E0690C72964}.Release|Any CPU.Build.0 = Release|Any CPU
	EndGlobalSection
	GlobalSection(SolutionProperties) = preSolution
		HideSolutionNode = FALSE
	EndGlobalSection
EndGlobal
